// !$*UTF8*$!
{
	archiveVersion = 1;
	classes = {
	};
	objectVersion = 46;
	objects = {

/* Begin PBXBuildFile section */
		4022C9311CB66D7700732064 /* AppDelegate.swift in Sources */ = {isa = PBXBuildFile; fileRef = 4022C9301CB66D7700732064 /* AppDelegate.swift */; };
		4022C9331CB66D7700732064 /* ViewController.swift in Sources */ = {isa = PBXBuildFile; fileRef = 4022C9321CB66D7700732064 /* ViewController.swift */; };
		4022C9361CB66D7700732064 /* Main.storyboard in Resources */ = {isa = PBXBuildFile; fileRef = 4022C9341CB66D7700732064 /* Main.storyboard */; };
		4022C9381CB66D7700732064 /* Assets.xcassets in Resources */ = {isa = PBXBuildFile; fileRef = 4022C9371CB66D7700732064 /* Assets.xcassets */; };
		4022C93B1CB66D7700732064 /* LaunchScreen.storyboard in Resources */ = {isa = PBXBuildFile; fileRef = 4022C9391CB66D7700732064 /* LaunchScreen.storyboard */; };
		4022C9461CB66D7700732064 /* maptestTests.swift in Sources */ = {isa = PBXBuildFile; fileRef = 4022C9451CB66D7700732064 /* maptestTests.swift */; };
		4022C9511CB66D7700732064 /* maptestUITests.swift in Sources */ = {isa = PBXBuildFile; fileRef = 4022C9501CB66D7700732064 /* maptestUITests.swift */; };
		4022C95F1CB66D8700732064 /* MapKit.framework in Frameworks */ = {isa = PBXBuildFile; fileRef = 4022C95E1CB66D8700732064 /* MapKit.framework */; };
		4022C9621CB6724600732064 /* PublicArt.json in Resources */ = {isa = PBXBuildFile; fileRef = 4022C9611CB6724600732064 /* PublicArt.json */; };
		4022C9641CB673CE00732064 /* Artwork.swift in Sources */ = {isa = PBXBuildFile; fileRef = 4022C9631CB673CE00732064 /* Artwork.swift */; };
		4022C9661CB6749100732064 /* Art.swift in Sources */ = {isa = PBXBuildFile; fileRef = 4022C9651CB6749100732064 /* Art.swift */; };
		4022C9681CB6769C00732064 /* VCMapView.swift in Sources */ = {isa = PBXBuildFile; fileRef = 4022C9671CB6769C00732064 /* VCMapView.swift */; };
		4022C96A1CB6781400732064 /* JSON.swift in Sources */ = {isa = PBXBuildFile; fileRef = 4022C9691CB6781400732064 /* JSON.swift */; };
/* End PBXBuildFile section */

/* Begin PBXContainerItemProxy section */
		4022C9421CB66D7700732064 /* PBXContainerItemProxy */ = {
			isa = PBXContainerItemProxy;
			containerPortal = 4022C9251CB66D7700732064 /* Project object */;
			proxyType = 1;
			remoteGlobalIDString = 4022C92C1CB66D7700732064;
			remoteInfo = maptest;
		};
		4022C94D1CB66D7700732064 /* PBXContainerItemProxy */ = {
			isa = PBXContainerItemProxy;
			containerPortal = 4022C9251CB66D7700732064 /* Project object */;
			proxyType = 1;
			remoteGlobalIDString = 4022C92C1CB66D7700732064;
			remoteInfo = maptest;
		};
/* End PBXContainerItemProxy section */

/* Begin PBXFileReference section */
		4022C92D1CB66D7700732064 /* maptest.app */ = {isa = PBXFileReference; explicitFileType = wrapper.application; includeInIndex = 0; path = maptest.app; sourceTree = BUILT_PRODUCTS_DIR; };
		4022C9301CB66D7700732064 /* AppDelegate.swift */ = {isa = PBXFileReference; lastKnownFileType = sourcecode.swift; path = AppDelegate.swift; sourceTree = "<group>"; };
		4022C9321CB66D7700732064 /* ViewController.swift */ = {isa = PBXFileReference; lastKnownFileType = sourcecode.swift; path = ViewController.swift; sourceTree = "<group>"; };
		4022C9351CB66D7700732064 /* Base */ = {isa = PBXFileReference; lastKnownFileType = file.storyboard; name = Base; path = Base.lproj/Main.storyboard; sourceTree = "<group>"; };
		4022C9371CB66D7700732064 /* Assets.xcassets */ = {isa = PBXFileReference; lastKnownFileType = folder.assetcatalog; path = Assets.xcassets; sourceTree = "<group>"; };
		4022C93A1CB66D7700732064 /* Base */ = {isa = PBXFileReference; lastKnownFileType = file.storyboard; name = Base; path = Base.lproj/LaunchScreen.storyboard; sourceTree = "<group>"; };
		4022C93C1CB66D7700732064 /* Info.plist */ = {isa = PBXFileReference; lastKnownFileType = text.plist.xml; path = Info.plist; sourceTree = "<group>"; };
		4022C9411CB66D7700732064 /* maptestTests.xctest */ = {isa = PBXFileReference; explicitFileType = wrapper.cfbundle; includeInIndex = 0; path = maptestTests.xctest; sourceTree = BUILT_PRODUCTS_DIR; };
		4022C9451CB66D7700732064 /* maptestTests.swift */ = {isa = PBXFileReference; lastKnownFileType = sourcecode.swift; path = maptestTests.swift; sourceTree = "<group>"; };
		4022C9471CB66D7700732064 /* Info.plist */ = {isa = PBXFileReference; lastKnownFileType = text.plist.xml; path = Info.plist; sourceTree = "<group>"; };
		4022C94C1CB66D7700732064 /* maptestUITests.xctest */ = {isa = PBXFileReference; explicitFileType = wrapper.cfbundle; includeInIndex = 0; path = maptestUITests.xctest; sourceTree = BUILT_PRODUCTS_DIR; };
		4022C9501CB66D7700732064 /* maptestUITests.swift */ = {isa = PBXFileReference; lastKnownFileType = sourcecode.swift; path = maptestUITests.swift; sourceTree = "<group>"; };
		4022C9521CB66D7700732064 /* Info.plist */ = {isa = PBXFileReference; lastKnownFileType = text.plist.xml; path = Info.plist; sourceTree = "<group>"; };
		4022C95E1CB66D8700732064 /* MapKit.framework */ = {isa = PBXFileReference; lastKnownFileType = wrapper.framework; name = MapKit.framework; path = System/Library/Frameworks/MapKit.framework; sourceTree = SDKROOT; };
		4022C9611CB6724600732064 /* PublicArt.json */ = {isa = PBXFileReference; fileEncoding = 4; lastKnownFileType = text.json; name = PublicArt.json; path = ../../../Downloads/HonoluluArtResources/PublicArt.json; sourceTree = "<group>"; };
		4022C9631CB673CE00732064 /* Artwork.swift */ = {isa = PBXFileReference; fileEncoding = 4; lastKnownFileType = sourcecode.swift; path = Artwork.swift; sourceTree = "<group>"; };
		4022C9651CB6749100732064 /* Art.swift */ = {isa = PBXFileReference; fileEncoding = 4; lastKnownFileType = sourcecode.swift; path = Art.swift; sourceTree = "<group>"; };
		4022C9671CB6769C00732064 /* VCMapView.swift */ = {isa = PBXFileReference; fileEncoding = 4; lastKnownFileType = sourcecode.swift; path = VCMapView.swift; sourceTree = "<group>"; };
		4022C9691CB6781400732064 /* JSON.swift */ = {isa = PBXFileReference; fileEncoding = 4; lastKnownFileType = sourcecode.swift; name = JSON.swift; path = ../../../Downloads/HonoluluArtResources/JSON.swift; sourceTree = "<group>"; };
/* End PBXFileReference section */

/* Begin PBXFrameworksBuildPhase section */
		4022C92A1CB66D7700732064 /* Frameworks */ = {
			isa = PBXFrameworksBuildPhase;
			buildActionMask = 2147483647;
			files = (
				4022C95F1CB66D8700732064 /* MapKit.framework in Frameworks */,
			);
			runOnlyForDeploymentPostprocessing = 0;
		};
		4022C93E1CB66D7700732064 /* Frameworks */ = {
			isa = PBXFrameworksBuildPhase;
			buildActionMask = 2147483647;
			files = (
			);
			runOnlyForDeploymentPostprocessing = 0;
		};
		4022C9491CB66D7700732064 /* Frameworks */ = {
			isa = PBXFrameworksBuildPhase;
			buildActionMask = 2147483647;
			files = (
			);
			runOnlyForDeploymentPostprocessing = 0;
		};
/* End PBXFrameworksBuildPhase section */

/* Begin PBXGroup section */
		4022C9241CB66D7700732064 = {
			isa = PBXGroup;
			children = (
				4022C9601CB671F700732064 /* Honolulu */,
				4022C95E1CB66D8700732064 /* MapKit.framework */,
				4022C92F1CB66D7700732064 /* maptest */,
				4022C9441CB66D7700732064 /* maptestTests */,
				4022C94F1CB66D7700732064 /* maptestUITests */,
				4022C92E1CB66D7700732064 /* Products */,
			);
			sourceTree = "<group>";
		};
		4022C92E1CB66D7700732064 /* Products */ = {
			isa = PBXGroup;
			children = (
				4022C92D1CB66D7700732064 /* maptest.app */,
				4022C9411CB66D7700732064 /* maptestTests.xctest */,
				4022C94C1CB66D7700732064 /* maptestUITests.xctest */,
			);
			name = Products;
			sourceTree = "<group>";
		};
		4022C92F1CB66D7700732064 /* maptest */ = {
			isa = PBXGroup;
			children = (
				4022C9301CB66D7700732064 /* AppDelegate.swift */,
				4022C9321CB66D7700732064 /* ViewController.swift */,
				4022C9341CB66D7700732064 /* Main.storyboard */,
				4022C9371CB66D7700732064 /* Assets.xcassets */,
				4022C9391CB66D7700732064 /* LaunchScreen.storyboard */,
				4022C93C1CB66D7700732064 /* Info.plist */,
				4022C9631CB673CE00732064 /* Artwork.swift */,
				4022C9651CB6749100732064 /* Art.swift */,
				4022C9671CB6769C00732064 /* VCMapView.swift */,
			);
			path = maptest;
			sourceTree = "<group>";
		};
		4022C9441CB66D7700732064 /* maptestTests */ = {
			isa = PBXGroup;
			children = (
				4022C9451CB66D7700732064 /* maptestTests.swift */,
				4022C9471CB66D7700732064 /* Info.plist */,
			);
			path = maptestTests;
			sourceTree = "<group>";
		};
		4022C94F1CB66D7700732064 /* maptestUITests */ = {
			isa = PBXGroup;
			children = (
				4022C9501CB66D7700732064 /* maptestUITests.swift */,
				4022C9521CB66D7700732064 /* Info.plist */,
			);
			path = maptestUITests;
			sourceTree = "<group>";
		};
		4022C9601CB671F700732064 /* Honolulu */ = {
			isa = PBXGroup;
			children = (
				4022C9691CB6781400732064 /* JSON.swift */,
				4022C9611CB6724600732064 /* PublicArt.json */,
			);
			name = Honolulu;
			sourceTree = "<group>";
		};
/* End PBXGroup section */

/* Begin PBXNativeTarget section */
		4022C92C1CB66D7700732064 /* maptest */ = {
			isa = PBXNativeTarget;
			buildConfigurationList = 4022C9551CB66D7700732064 /* Build configuration list for PBXNativeTarget "maptest" */;
			buildPhases = (
				4022C9291CB66D7700732064 /* Sources */,
				4022C92A1CB66D7700732064 /* Frameworks */,
				4022C92B1CB66D7700732064 /* Resources */,
			);
			buildRules = (
			);
			dependencies = (
			);
			name = maptest;
			productName = maptest;
			productReference = 4022C92D1CB66D7700732064 /* maptest.app */;
			productType = "com.apple.product-type.application";
		};
		4022C9401CB66D7700732064 /* maptestTests */ = {
			isa = PBXNativeTarget;
			buildConfigurationList = 4022C9581CB66D7700732064 /* Build configuration list for PBXNativeTarget "maptestTests" */;
			buildPhases = (
				4022C93D1CB66D7700732064 /* Sources */,
				4022C93E1CB66D7700732064 /* Frameworks */,
				4022C93F1CB66D7700732064 /* Resources */,
			);
			buildRules = (
			);
			dependencies = (
				4022C9431CB66D7700732064 /* PBXTargetDependency */,
			);
			name = maptestTests;
			productName = maptestTests;
			productReference = 4022C9411CB66D7700732064 /* maptestTests.xctest */;
			productType = "com.apple.product-type.bundle.unit-test";
		};
		4022C94B1CB66D7700732064 /* maptestUITests */ = {
			isa = PBXNativeTarget;
			buildConfigurationList = 4022C95B1CB66D7700732064 /* Build configuration list for PBXNativeTarget "maptestUITests" */;
			buildPhases = (
				4022C9481CB66D7700732064 /* Sources */,
				4022C9491CB66D7700732064 /* Frameworks */,
				4022C94A1CB66D7700732064 /* Resources */,
			);
			buildRules = (
			);
			dependencies = (
				4022C94E1CB66D7700732064 /* PBXTargetDependency */,
			);
			name = maptestUITests;
			productName = maptestUITests;
			productReference = 4022C94C1CB66D7700732064 /* maptestUITests.xctest */;
			productType = "com.apple.product-type.bundle.ui-testing";
		};
/* End PBXNativeTarget section */

/* Begin PBXProject section */
		4022C9251CB66D7700732064 /* Project object */ = {
			isa = PBXProject;
			attributes = {
				LastSwiftUpdateCheck = 0730;
				LastUpgradeCheck = 0730;
				ORGANIZATIONNAME = MacGihuuji;
				TargetAttributes = {
					4022C92C1CB66D7700732064 = {
						CreatedOnToolsVersion = 7.3;
					};
					4022C9401CB66D7700732064 = {
						CreatedOnToolsVersion = 7.3;
						TestTargetID = 4022C92C1CB66D7700732064;
					};
					4022C94B1CB66D7700732064 = {
						CreatedOnToolsVersion = 7.3;
						TestTargetID = 4022C92C1CB66D7700732064;
					};
				};
			};
			buildConfigurationList = 4022C9281CB66D7700732064 /* Build configuration list for PBXProject "maptest" */;
			compatibilityVersion = "Xcode 3.2";
			developmentRegion = English;
			hasScannedForEncodings = 0;
			knownRegions = (
				en,
				Base,
			);
			mainGroup = 4022C9241CB66D7700732064;
			productRefGroup = 4022C92E1CB66D7700732064 /* Products */;
			projectDirPath = "";
			projectRoot = "";
			targets = (
				4022C92C1CB66D7700732064 /* maptest */,
				4022C9401CB66D7700732064 /* maptestTests */,
				4022C94B1CB66D7700732064 /* maptestUITests */,
			);
		};
/* End PBXProject section */

/* Begin PBXResourcesBuildPhase section */
		4022C92B1CB66D7700732064 /* Resources */ = {
			isa = PBXResourcesBuildPhase;
			buildActionMask = 2147483647;
			files = (
				4022C9621CB6724600732064 /* PublicArt.json in Resources */,
				4022C93B1CB66D7700732064 /* LaunchScreen.storyboard in Resources */,
				4022C9381CB66D7700732064 /* Assets.xcassets in Resources */,
				4022C9361CB66D7700732064 /* Main.storyboard in Resources */,
			);
			runOnlyForDeploymentPostprocessing = 0;
		};
		4022C93F1CB66D7700732064 /* Resources */ = {
			isa = PBXResourcesBuildPhase;
			buildActionMask = 2147483647;
			files = (
			);
			runOnlyForDeploymentPostprocessing = 0;
		};
		4022C94A1CB66D7700732064 /* Resources */ = {
			isa = PBXResourcesBuildPhase;
			buildActionMask = 2147483647;
			files = (
			);
			runOnlyForDeploymentPostprocessing = 0;
		};
/* End PBXResourcesBuildPhase section */

/* Begin PBXSourcesBuildPhase section */
		4022C9291CB66D7700732064 /* Sources */ = {
			isa = PBXSourcesBuildPhase;
			buildActionMask = 2147483647;
			files = (
				4022C9331CB66D7700732064 /* ViewController.swift in Sources */,
				4022C9641CB673CE00732064 /* Artwork.swift in Sources */,
				4022C9681CB6769C00732064 /* VCMapView.swift in Sources */,
				4022C96A1CB6781400732064 /* JSON.swift in Sources */,
				4022C9311CB66D7700732064 /* AppDelegate.swift in Sources */,
				4022C9661CB6749100732064 /* Art.swift in Sources */,
			);
			runOnlyForDeploymentPostprocessing = 0;
		};
		4022C93D1CB66D7700732064 /* Sources */ = {
			isa = PBXSourcesBuildPhase;
			buildActionMask = 2147483647;
			files = (
				4022C9461CB66D7700732064 /* maptestTests.swift in Sources */,
			);
			runOnlyForDeploymentPostprocessing = 0;
		};
		4022C9481CB66D7700732064 /* Sources */ = {
			isa = PBXSourcesBuildPhase;
			buildActionMask = 2147483647;
			files = (
				4022C9511CB66D7700732064 /* maptestUITests.swift in Sources */,
			);
			runOnlyForDeploymentPostprocessing = 0;
		};
/* End PBXSourcesBuildPhase section */

/* Begin PBXTargetDependency section */
		4022C9431CB66D7700732064 /* PBXTargetDependency */ = {
			isa = PBXTargetDependency;
			target = 4022C92C1CB66D7700732064 /* maptest */;
			targetProxy = 4022C9421CB66D7700732064 /* PBXContainerItemProxy */;
		};
		4022C94E1CB66D7700732064 /* PBXTargetDependency */ = {
			isa = PBXTargetDependency;
			target = 4022C92C1CB66D7700732064 /* maptest */;
			targetProxy = 4022C94D1CB66D7700732064 /* PBXContainerItemProxy */;
		};
/* End PBXTargetDependency section */

/* Begin PBXVariantGroup section */
		4022C9341CB66D7700732064 /* Main.storyboard */ = {
			isa = PBXVariantGroup;
			children = (
				4022C9351CB66D7700732064 /* Base */,
			);
			name = Main.storyboard;
			sourceTree = "<group>";
		};
		4022C9391CB66D7700732064 /* LaunchScreen.storyboard */ = {
			isa = PBXVariantGroup;
			children = (
				4022C93A1CB66D7700732064 /* Base */,
			);
			name = LaunchScreen.storyboard;
			sourceTree = "<group>";
		};
/* End PBXVariantGroup section */

/* Begin XCBuildConfiguration section */
		4022C9531CB66D7700732064 /* Debug */ = {
			isa = XCBuildConfiguration;
			buildSettings = {
				ALWAYS_SEARCH_USER_PATHS = NO;
				CLANG_ANALYZER_NONNULL = YES;
				CLANG_CXX_LANGUAGE_STANDARD = "gnu++0x";
				CLANG_CXX_LIBRARY = "libc++";
				CLANG_ENABLE_MODULES = YES;
				CLANG_ENABLE_OBJC_ARC = YES;
				CLANG_WARN_BOOL_CONVERSION = YES;
				CLANG_WARN_CONSTANT_CONVERSION = YES;
				CLANG_WARN_DIRECT_OBJC_ISA_USAGE = YES_ERROR;
				CLANG_WARN_EMPTY_BODY = YES;
				CLANG_WARN_ENUM_CONVERSION = YES;
				CLANG_WARN_INT_CONVERSION = YES;
				CLANG_WARN_OBJC_ROOT_CLASS = YES_ERROR;
				CLANG_WARN_UNREACHABLE_CODE = YES;
				CLANG_WARN__DUPLICATE_METHOD_MATCH = YES;
				"CODE_SIGN_IDENTITY[sdk=iphoneos*]" = "iPhone Developer";
				COPY_PHASE_STRIP = NO;
				DEBUG_INFORMATION_FORMAT = dwarf;
				ENABLE_STRICT_OBJC_MSGSEND = YES;
				ENABLE_TESTABILITY = YES;
				GCC_C_LANGUAGE_STANDARD = gnu99;
				GCC_DYNAMIC_NO_PIC = NO;
				GCC_NO_COMMON_BLOCKS = YES;
				GCC_OPTIMIZATION_LEVEL = 0;
				GCC_PREPROCESSOR_DEFINITIONS = (
					"DEBUG=1",
					"$(inherited)",
				);
				GCC_WARN_64_TO_32_BIT_CONVERSION = YES;
				GCC_WARN_ABOUT_RETURN_TYPE = YES_ERROR;
				GCC_WARN_UNDECLARED_SELECTOR = YES;
				GCC_WARN_UNINITIALIZED_AUTOS = YES_AGGRESSIVE;
				GCC_WARN_UNUSED_FUNCTION = YES;
				GCC_WARN_UNUSED_VARIABLE = YES;
				IPHONEOS_DEPLOYMENT_TARGET = 9.3;
				MTL_ENABLE_DEBUG_INFO = YES;
				ONLY_ACTIVE_ARCH = YES;
				SDKROOT = iphoneos;
				SWIFT_OPTIMIZATION_LEVEL = "-Onone";
			};
			name = Debug;
		};
		4022C9541CB66D7700732064 /* Release */ = {
			isa = XCBuildConfiguration;
			buildSettings = {
				ALWAYS_SEARCH_USER_PATHS = NO;
				CLANG_ANALYZER_NONNULL = YES;
				CLANG_CXX_LANGUAGE_STANDARD = "gnu++0x";
				CLANG_CXX_LIBRARY = "libc++";
				CLANG_ENABLE_MODULES = YES;
				CLANG_ENABLE_OBJC_ARC = YES;
				CLANG_WARN_BOOL_CONVERSION = YES;
				CLANG_WARN_CONSTANT_CONVERSION = YES;
				CLANG_WARN_DIRECT_OBJC_ISA_USAGE = YES_ERROR;
				CLANG_WARN_EMPTY_BODY = YES;
				CLANG_WARN_ENUM_CONVERSION = YES;
				CLANG_WARN_INT_CONVERSION = YES;
				CLANG_WARN_OBJC_ROOT_CLASS = YES_ERROR;
				CLANG_WARN_UNREACHABLE_CODE = YES;
				CLANG_WARN__DUPLICATE_METHOD_MATCH = YES;
				"CODE_SIGN_IDENTITY[sdk=iphoneos*]" = "iPhone Developer";
				COPY_PHASE_STRIP = NO;
				DEBUG_INFORMATION_FORMAT = "dwarf-with-dsym";
				ENABLE_NS_ASSERTIONS = NO;
				ENABLE_STRICT_OBJC_MSGSEND = YES;
				GCC_C_LANGUAGE_STANDARD = gnu99;
				GCC_NO_COMMON_BLOCKS = YES;
				GCC_WARN_64_TO_32_BIT_CONVERSION = YES;
				GCC_WARN_ABOUT_RETURN_TYPE = YES_ERROR;
				GCC_WARN_UNDECLARED_SELECTOR = YES;
				GCC_WARN_UNINITIALIZED_AUTOS = YES_AGGRESSIVE;
				GCC_WARN_UNUSED_FUNCTION = YES;
				GCC_WARN_UNUSED_VARIABLE = YES;
				IPHONEOS_DEPLOYMENT_TARGET = 9.3;
				MTL_ENABLE_DEBUG_INFO = NO;
				SDKROOT = iphoneos;
				VALIDATE_PRODUCT = YES;
			};
			name = Release;
		};
		4022C9561CB66D7700732064 /* Debug */ = {
			isa = XCBuildConfiguration;
			buildSettings = {
				ASSETCATALOG_COMPILER_APPICON_NAME = AppIcon;
				INFOPLIST_FILE = maptest/Info.plist;
				LD_RUNPATH_SEARCH_PATHS = "$(inherited) @executable_path/Frameworks";
				PRODUCT_BUNDLE_IDENTIFIER = gihuuji.maptest;
				PRODUCT_NAME = "$(TARGET_NAME)";
			};
			name = Debug;
		};
		4022C9571CB66D7700732064 /* Release */ = {
			isa = XCBuildConfiguration;
			buildSettings = {
				ASSETCATALOG_COMPILER_APPICON_NAME = AppIcon;
				INFOPLIST_FILE = maptest/Info.plist;
				LD_RUNPATH_SEARCH_PATHS = "$(inherited) @executable_path/Frameworks";
				PRODUCT_BUNDLE_IDENTIFIER = gihuuji.maptest;
				PRODUCT_NAME = "$(TARGET_NAME)";
			};
			name = Release;
		};
		4022C9591CB66D7700732064 /* Debug */ = {
			isa = XCBuildConfiguration;
			buildSettings = {
				BUNDLE_LOADER = "$(TEST_HOST)";
				INFOPLIST_FILE = maptestTests/Info.plist;
				LD_RUNPATH_SEARCH_PATHS = "$(inherited) @executable_path/Frameworks @loader_path/Frameworks";
				PRODUCT_BUNDLE_IDENTIFIER = gihuuji.maptestTests;
				PRODUCT_NAME = "$(TARGET_NAME)";
				TEST_HOST = "$(BUILT_PRODUCTS_DIR)/maptest.app/maptest";
			};
			name = Debug;
		};
		4022C95A1CB66D7700732064 /* Release */ = {
			isa = XCBuildConfiguration;
			buildSettings = {
				BUNDLE_LOADER = "$(TEST_HOST)";
				INFOPLIST_FILE = maptestTests/Info.plist;
				LD_RUNPATH_SEARCH_PATHS = "$(inherited) @executable_path/Frameworks @loader_path/Frameworks";
				PRODUCT_BUNDLE_IDENTIFIER = gihuuji.maptestTests;
				PRODUCT_NAME = "$(TARGET_NAME)";
				TEST_HOST = "$(BUILT_PRODUCTS_DIR)/maptest.app/maptest";
			};
			name = Release;
		};
		4022C95C1CB66D7700732064 /* Debug */ = {
			isa = XCBuildConfiguration;
			buildSettings = {
				INFOPLIST_FILE = maptestUITests/Info.plist;
				LD_RUNPATH_SEARCH_PATHS = "$(inherited) @executable_path/Frameworks @loader_path/Frameworks";
				PRODUCT_BUNDLE_IDENTIFIER = gihuuji.maptestUITests;
				PRODUCT_NAME = "$(TARGET_NAME)";
				TEST_TARGET_NAME = maptest;
			};
			name = Debug;
		};
		4022C95D1CB66D7700732064 /* Release */ = {
			isa = XCBuildConfiguration;
			buildSettings = {
				INFOPLIST_FILE = maptestUITests/Info.plist;
				LD_RUNPATH_SEARCH_PATHS = "$(inherited) @executable_path/Frameworks @loader_path/Frameworks";
				PRODUCT_BUNDLE_IDENTIFIER = gihuuji.maptestUITests;
				PRODUCT_NAME = "$(TARGET_NAME)";
				TEST_TARGET_NAME = maptest;
			};
			name = Release;
		};
/* End XCBuildConfiguration section */

/* Begin XCConfigurationList section */
		4022C9281CB66D7700732064 /* Build configuration list for PBXProject "maptest" */ = {
			isa = XCConfigurationList;
			buildConfigurations = (
				4022C9531CB66D7700732064 /* Debug */,
				4022C9541CB66D7700732064 /* Release */,
			);
			defaultConfigurationIsVisible = 0;
			defaultConfigurationName = Release;
		};
		4022C9551CB66D7700732064 /* Build configuration list for PBXNativeTarget "maptest" */ = {
			isa = XCConfigurationList;
			buildConfigurations = (
				4022C9561CB66D7700732064 /* Debug */,
				4022C9571CB66D7700732064 /* Release */,
			);
			defaultConfigurationIsVisible = 0;
		};
		4022C9581CB66D7700732064 /* Build configuration list for PBXNativeTarget "maptestTests" */ = {
			isa = XCConfigurationList;
			buildConfigurations = (
				4022C9591CB66D7700732064 /* Debug */,
				4022C95A1CB66D7700732064 /* Release */,
			);
			defaultConfigurationIsVisible = 0;
		};
		4022C95B1CB66D7700732064 /* Build configuration list for PBXNativeTarget "maptestUITests" */ = {
			isa = XCConfigurationList;
			buildConfigurations = (
				4022C95C1CB66D7700732064 /* Debug */,
				4022C95D1CB66D7700732064 /* Release */,
			);
			defaultConfigurationIsVisible = 0;
		};
/* End XCConfigurationList section */
	};
	rootObject = 4022C9251CB66D7700732064 /* Project object */;
}
